
Microsoft Visual Studio Solution File, Format Version 12.00
# Visual Studio 2013
VisualStudioVersion = 12.0.31101.0
MinimumVisualStudioVersion = 10.0.40219.1
Project("{FAE04EC0-301F-11D3-BF4B-00C04F79EFBC}") = "AgeAfter10Years", "AgeAfter10Years\AgeAfter10Years.csproj", "{38BC1069-4FD2-4F46-AAFA-5C10AAABF912}"
EndProject
Global
	GlobalSection(SolutionConfigurationPlatforms) = preSolution
		Debug|Any CPU = Debug|Any CPU
		Release|Any CPU = Release|Any CPU
	EndGlobalSection
	GlobalSection(ProjectConfigurationPlatforms) = postSolution
		{38BC1069-4FD2-4F46-AAFA-5C10AAABF912}.Debug|Any CPU.ActiveCfg = Debug|Any CPU
		{38BC1069-4FD2-4F46-AAFA-5C10AAABF912}.Debug|Any CPU.Build.0 = Debug|Any CPU
		{38BC1069-4FD2-4F46-AAFA-5C10AAABF912}.Release|Any CPU.ActiveCfg = Release|Any CPU
		{38BC1069-4FD2-4F46-AAFA-5C10AAABF912}.Release|Any CPU.Build.0 = Release|Any CPU
	EndGlobalSection
	GlobalSection(SolutionProperties) = preSolution
		HideSolutionNode = FALSE
	EndGlobalSection
EndGlobal
